
Microsoft Visual Studio Solution File, Format Version 12.00
# Visual Studio Version 17
VisualStudioVersion = 17.9.34622.214
MinimumVisualStudioVersion = 10.0.40219.1
Project("{FAE04EC0-301F-11D3-BF4B-00C04F79EFBC}") = "TrafficLightsSystem", "TrafficLightsSystem\TrafficLightsSystem.csproj", "{98B3968F-B277-47F9-86D3-0F5193779F13}"
EndProject
Global
	GlobalSection(SolutionConfigurationPlatforms) = preSolution
		Debug|Any CPU = Debug|Any CPU
		Release|Any CPU = Release|Any CPU
	EndGlobalSection
	GlobalSection(ProjectConfigurationPlatforms) = postSolution
		{98B3968F-B277-47F9-86D3-0F5193779F13}.Debug|Any CPU.ActiveCfg = Debug|Any CPU
		{98B3968F-B277-47F9-86D3-0F5193779F13}.Debug|Any CPU.Build.0 = Debug|Any CPU
		{98B3968F-B277-47F9-86D3-0F5193779F13}.Release|Any CPU.ActiveCfg = Release|Any CPU
		{98B3968F-B277-47F9-86D3-0F5193779F13}.Release|Any CPU.Build.0 = Release|Any CPU
	EndGlobalSection
	GlobalSection(SolutionProperties) = preSolution
		HideSolutionNode = FALSE
	EndGlobalSection
	GlobalSection(ExtensibilityGlobals) = postSolution
		SolutionGuid = {CE49CF77-4F97-4039-BCF2-3C6570D5DF43}
	EndGlobalSection
EndGlobal
